
Microsoft Visual Studio Solution File, Format Version 12.00
# Visual Studio 14
VisualStudioVersion = 14.0.25123.0
MinimumVisualStudioVersion = 10.0.40219.1
Project("{FAE04EC0-301F-11D3-BF4B-00C04F79EFBC}") = "CareOtter.ServiceFabricUtilities", "CareOtter.ServiceFabricUtilities\CareOtter.ServiceFabricUtilities.csproj", "{5A618890-5AAE-4BCC-B6AA-8CF9F53DA04D}"
EndProject
Project("{FAE04EC0-301F-11D3-BF4B-00C04F79EFBC}") = "CareOtter.ServiceFabricUtilities.Mocks", "CareOtter.ServiceFabricUtilities.Mocks\CareOtter.ServiceFabricUtilities.Mocks.csproj", "{155D39C2-D638-43D4-8A22-84FDFBA70569}"
EndProject
Project("{FAE04EC0-301F-11D3-BF4B-00C04F79EFBC}") = "CareOtter.ServiceFabricUtilities.UnitTest", "CareOtter.ServiceFabricUtilities.UnitTest\CareOtter.ServiceFabricUtilities.UnitTest.csproj", "{DFC1EC89-2474-421E-BE2E-B6B46B72D689}"
EndProject
Global
	GlobalSection(SolutionConfigurationPlatforms) = preSolution
		Debug|x64 = Debug|x64
		Release|x64 = Release|x64
	EndGlobalSection
	GlobalSection(ProjectConfigurationPlatforms) = postSolution
		{5A618890-5AAE-4BCC-B6AA-8CF9F53DA04D}.Debug|x64.ActiveCfg = Debug|x64
		{5A618890-5AAE-4BCC-B6AA-8CF9F53DA04D}.Debug|x64.Build.0 = Debug|x64
		{5A618890-5AAE-4BCC-B6AA-8CF9F53DA04D}.Release|x64.ActiveCfg = Release|x64
		{5A618890-5AAE-4BCC-B6AA-8CF9F53DA04D}.Release|x64.Build.0 = Release|x64
		{155D39C2-D638-43D4-8A22-84FDFBA70569}.Debug|x64.ActiveCfg = Debug|x64
		{155D39C2-D638-43D4-8A22-84FDFBA70569}.Debug|x64.Build.0 = Debug|x64
		{155D39C2-D638-43D4-8A22-84FDFBA70569}.Release|x64.ActiveCfg = Release|x64
		{155D39C2-D638-43D4-8A22-84FDFBA70569}.Release|x64.Build.0 = Release|x64
		{DFC1EC89-2474-421E-BE2E-B6B46B72D689}.Debug|x64.ActiveCfg = Debug|x64
		{DFC1EC89-2474-421E-BE2E-B6B46B72D689}.Debug|x64.Build.0 = Debug|x64
		{DFC1EC89-2474-421E-BE2E-B6B46B72D689}.Release|x64.ActiveCfg = Release|x64
		{DFC1EC89-2474-421E-BE2E-B6B46B72D689}.Release|x64.Build.0 = Release|x64
	EndGlobalSection
	GlobalSection(SolutionProperties) = preSolution
		HideSolutionNode = FALSE
	EndGlobalSection
EndGlobal
